
Microsoft Visual Studio Solution File, Format Version 12.00
# Visual Studio Version 17
VisualStudioVersion = 17.5.33414.496
MinimumVisualStudioVersion = 10.0.40219.1
Project("{2150E333-8FDC-42A3-9474-1A3956D46DE8}") = "src", "src", "{B0F9239E-2D50-4994-ACA6-BA80CEE47651}"
EndProject
Project("{8BC9CEB8-8B4A-11D0-8D11-00A0C91BC942}") = "EPaperClient", "src\EPaperClient\EPaperClient.vcxproj", "{AE512821-54CD-4882-AA13-4ECC2F0608B7}"
EndProject
Project("{2150E333-8FDC-42A3-9474-1A3956D46DE8}") = "Deployment", "Deployment", "{1305C9CA-6C1E-48DF-AAB0-25C238E4526B}"
EndProject
Project("{E53339B2-1760-4266-BCC7-CA923CBCF16C}") = "docker-compose", "docker-compose.dcproj", "{F26178C9-911A-4BBA-99B8-04C66F550736}"
EndProject
Project("{2150E333-8FDC-42A3-9474-1A3956D46DE8}") = "Infrastructure", "Infrastructure", "{33D00CEC-A115-4F68-9B0A-DF4233851AA6}"
	ProjectSection(SolutionItems) = preProject
		Deployment\Infrastructure\Gateway.yaml = Deployment\Infrastructure\Gateway.yaml
		Deployment\Infrastructure\Namespaces.yaml = Deployment\Infrastructure\Namespaces.yaml
		Deployment\Infrastructure\VirtualServices.yaml = Deployment\Infrastructure\VirtualServices.yaml
	EndProjectSection
EndProject
Project("{2150E333-8FDC-42A3-9474-1A3956D46DE8}") = "Kiali", "Kiali", "{36B31709-DE61-4650-8AB6-3FC2B9166B94}"
	ProjectSection(SolutionItems) = preProject
		Deployment\Infrastructure\Kiali\Deployment.yaml = Deployment\Infrastructure\Kiali\Deployment.yaml
		Deployment\Infrastructure\Kiali\Secrets.yaml = Deployment\Infrastructure\Kiali\Secrets.yaml
	EndProjectSection
EndProject
Project("{2150E333-8FDC-42A3-9474-1A3956D46DE8}") = "Keycloak", "Keycloak", "{F813FABF-E1E1-458C-B1F7-82C1B7949BF6}"
	ProjectSection(SolutionItems) = preProject
		Deployment\Infrastructure\Keycloak\Deployment.yaml = Deployment\Infrastructure\Keycloak\Deployment.yaml
		Deployment\Infrastructure\Keycloak\Secret.yaml = Deployment\Infrastructure\Keycloak\Secret.yaml
		Deployment\Infrastructure\Keycloak\Service.yaml = Deployment\Infrastructure\Keycloak\Service.yaml
		Deployment\Infrastructure\Keycloak\VirtualService.yaml = Deployment\Infrastructure\Keycloak\VirtualService.yaml
	EndProjectSection
EndProject
Project("{2150E333-8FDC-42A3-9474-1A3956D46DE8}") = "Postgres", "Postgres", "{BF719339-90BB-4F57-8B5E-F25EB0B758C9}"
	ProjectSection(SolutionItems) = preProject
		Deployment\Infrastructure\Postgres\Deployment.yaml = Deployment\Infrastructure\Postgres\Deployment.yaml
		Deployment\Infrastructure\Postgres\Secret.yaml = Deployment\Infrastructure\Postgres\Secret.yaml
		Deployment\Infrastructure\Postgres\Service.yaml = Deployment\Infrastructure\Postgres\Service.yaml
		Deployment\Infrastructure\Postgres\VolumeClaim.yaml = Deployment\Infrastructure\Postgres\VolumeClaim.yaml
	EndProjectSection
EndProject
Project("{2150E333-8FDC-42A3-9474-1A3956D46DE8}") = "mqtt", "mqtt", "{A1AA2618-B9C1-4EA3-A7C4-3ACFF7014CBC}"
	ProjectSection(SolutionItems) = preProject
		Deployment\Infrastructure\mqtt\ConfigMaps.yaml = Deployment\Infrastructure\mqtt\ConfigMaps.yaml
		Deployment\Infrastructure\mqtt\Deployment.yaml = Deployment\Infrastructure\mqtt\Deployment.yaml
		Deployment\Infrastructure\mqtt\Service.yaml = Deployment\Infrastructure\mqtt\Service.yaml
		Deployment\Infrastructure\mqtt\VolumeClaim.yaml = Deployment\Infrastructure\mqtt\VolumeClaim.yaml
	EndProjectSection
EndProject
Project("{2150E333-8FDC-42A3-9474-1A3956D46DE8}") = "HoneyPal", "HoneyPal", "{95DEAF7F-1CB9-497F-9640-D1881A1BB013}"
	ProjectSection(SolutionItems) = preProject
		Deployment\HoneyPal\Deployment.yaml = Deployment\HoneyPal\Deployment.yaml
		Deployment\HoneyPal\DestinationRule.yaml = Deployment\HoneyPal\DestinationRule.yaml
		Deployment\HoneyPal\Secret.yaml = Deployment\HoneyPal\Secret.yaml
		Deployment\HoneyPal\Service.yaml = Deployment\HoneyPal\Service.yaml
		Deployment\HoneyPal\VirtualService.yaml = Deployment\HoneyPal\VirtualService.yaml
	EndProjectSection
EndProject
Project("{FAE04EC0-301F-11D3-BF4B-00C04F79EFBC}") = "BackendApi", "src\BackendApi\BackendApi.csproj", "{4D0652F5-D7A8-4576-AED0-F7D32B46CEB9}"
EndProject
Project("{FAE04EC0-301F-11D3-BF4B-00C04F79EFBC}") = "Application", "src\Application\Application.csproj", "{093AEA39-DF26-448E-95A3-CEB3944BA08D}"
EndProject
Project("{FAE04EC0-301F-11D3-BF4B-00C04F79EFBC}") = "ThingsApi", "src\ThingsApi\ThingsApi.csproj", "{F26FD3FD-4F50-49BD-BDAC-0EFF26807C96}"
EndProject
Project("{FAE04EC0-301F-11D3-BF4B-00C04F79EFBC}") = "Weatherstation", "src\Weatherstation\Weatherstation.csproj", "{E16263C1-4076-431E-A6F9-8AD5093A4FCA}"
EndProject
Project("{2150E333-8FDC-42A3-9474-1A3956D46DE8}") = "Docker", "Docker", "{74450C72-B4D8-437A-ACC8-6BA375D40FB3}"
	ProjectSection(SolutionItems) = preProject
		Dockerfile_BackendAPI = Dockerfile_BackendAPI
		Dockerfile_ThingsAPI = Dockerfile_ThingsAPI
		Dockerfile_Weatherstation = Dockerfile_Weatherstation
	EndProjectSection
EndProject
Project("{2150E333-8FDC-42A3-9474-1A3956D46DE8}") = ".github", ".github", "{E33B93C2-716C-43E9-B508-921B6CFDDBDA}"
	ProjectSection(SolutionItems) = preProject
		.github\workflows\deploy_honeypal.yaml = .github\workflows\deploy_honeypal.yaml
		.github\workflows\deploy_weatherstation.yaml = .github\workflows\deploy_weatherstation.yaml
	EndProjectSection
EndProject
Global
	GlobalSection(SolutionConfigurationPlatforms) = preSolution
		Debug|Any CPU = Debug|Any CPU
		Debug|ARM = Debug|ARM
		Debug|ARM64 = Debug|ARM64
		Debug|x64 = Debug|x64
		Debug|x86 = Debug|x86
		Release|Any CPU = Release|Any CPU
		Release|ARM = Release|ARM
		Release|ARM64 = Release|ARM64
		Release|x64 = Release|x64
		Release|x86 = Release|x86
	EndGlobalSection
	GlobalSection(ProjectConfigurationPlatforms) = postSolution
		{AE512821-54CD-4882-AA13-4ECC2F0608B7}.Debug|Any CPU.ActiveCfg = Debug|x64
		{AE512821-54CD-4882-AA13-4ECC2F0608B7}.Debug|Any CPU.Build.0 = Debug|x64
		{AE512821-54CD-4882-AA13-4ECC2F0608B7}.Debug|Any CPU.Deploy.0 = Debug|x64
		{AE512821-54CD-4882-AA13-4ECC2F0608B7}.Debug|ARM.ActiveCfg = Debug|ARM
		{AE512821-54CD-4882-AA13-4ECC2F0608B7}.Debug|ARM.Build.0 = Debug|ARM
		{AE512821-54CD-4882-AA13-4ECC2F0608B7}.Debug|ARM.Deploy.0 = Debug|ARM
		{AE512821-54CD-4882-AA13-4ECC2F0608B7}.Debug|ARM64.ActiveCfg = Debug|ARM64
		{AE512821-54CD-4882-AA13-4ECC2F0608B7}.Debug|ARM64.Build.0 = Debug|ARM64
		{AE512821-54CD-4882-AA13-4ECC2F0608B7}.Debug|ARM64.Deploy.0 = Debug|ARM64
		{AE512821-54CD-4882-AA13-4ECC2F0608B7}.Debug|x64.ActiveCfg = Debug|x64
		{AE512821-54CD-4882-AA13-4ECC2F0608B7}.Debug|x64.Build.0 = Debug|x64
		{AE512821-54CD-4882-AA13-4ECC2F0608B7}.Debug|x64.Deploy.0 = Debug|x64
		{AE512821-54CD-4882-AA13-4ECC2F0608B7}.Debug|x86.ActiveCfg = Debug|x86
		{AE512821-54CD-4882-AA13-4ECC2F0608B7}.Debug|x86.Build.0 = Debug|x86
		{AE512821-54CD-4882-AA13-4ECC2F0608B7}.Debug|x86.Deploy.0 = Debug|x86
		{AE512821-54CD-4882-AA13-4ECC2F0608B7}.Release|Any CPU.ActiveCfg = Release|x64
		{AE512821-54CD-4882-AA13-4ECC2F0608B7}.Release|Any CPU.Build.0 = Release|x64
		{AE512821-54CD-4882-AA13-4ECC2F0608B7}.Release|Any CPU.Deploy.0 = Release|x64
		{AE512821-54CD-4882-AA13-4ECC2F0608B7}.Release|ARM.ActiveCfg = Release|ARM
		{AE512821-54CD-4882-AA13-4ECC2F0608B7}.Release|ARM.Build.0 = Release|ARM
		{AE512821-54CD-4882-AA13-4ECC2F0608B7}.Release|ARM.Deploy.0 = Release|ARM
		{AE512821-54CD-4882-AA13-4ECC2F0608B7}.Release|ARM64.ActiveCfg = Release|ARM64
		{AE512821-54CD-4882-AA13-4ECC2F0608B7}.Release|ARM64.Build.0 = Release|ARM64
		{AE512821-54CD-4882-AA13-4ECC2F0608B7}.Release|ARM64.Deploy.0 = Release|ARM64
		{AE512821-54CD-4882-AA13-4ECC2F0608B7}.Release|x64.ActiveCfg = Release|x64
		{AE512821-54CD-4882-AA13-4ECC2F0608B7}.Release|x64.Build.0 = Release|x64
		{AE512821-54CD-4882-AA13-4ECC2F0608B7}.Release|x64.Deploy.0 = Release|x64
		{AE512821-54CD-4882-AA13-4ECC2F0608B7}.Release|x86.ActiveCfg = Release|x86
		{AE512821-54CD-4882-AA13-4ECC2F0608B7}.Release|x86.Build.0 = Release|x86
		{AE512821-54CD-4882-AA13-4ECC2F0608B7}.Release|x86.Deploy.0 = Release|x86
		{F26178C9-911A-4BBA-99B8-04C66F550736}.Debug|Any CPU.ActiveCfg = Debug|Any CPU
		{F26178C9-911A-4BBA-99B8-04C66F550736}.Debug|Any CPU.Build.0 = Debug|Any CPU
		{F26178C9-911A-4BBA-99B8-04C66F550736}.Debug|ARM.ActiveCfg = Debug|Any CPU
		{F26178C9-911A-4BBA-99B8-04C66F550736}.Debug|ARM.Build.0 = Debug|Any CPU
		{F26178C9-911A-4BBA-99B8-04C66F550736}.Debug|ARM64.ActiveCfg = Debug|Any CPU
		{F26178C9-911A-4BBA-99B8-04C66F550736}.Debug|ARM64.Build.0 = Debug|Any CPU
		{F26178C9-911A-4BBA-99B8-04C66F550736}.Debug|x64.ActiveCfg = Debug|Any CPU
		{F26178C9-911A-4BBA-99B8-04C66F550736}.Debug|x64.Build.0 = Debug|Any CPU
		{F26178C9-911A-4BBA-99B8-04C66F550736}.Debug|x86.ActiveCfg = Debug|Any CPU
		{F26178C9-911A-4BBA-99B8-04C66F550736}.Debug|x86.Build.0 = Debug|Any CPU
		{F26178C9-911A-4BBA-99B8-04C66F550736}.Release|Any CPU.ActiveCfg = Release|Any CPU
		{F26178C9-911A-4BBA-99B8-04C66F550736}.Release|Any CPU.Build.0 = Release|Any CPU
		{F26178C9-911A-4BBA-99B8-04C66F550736}.Release|ARM.ActiveCfg = Release|Any CPU
		{F26178C9-911A-4BBA-99B8-04C66F550736}.Release|ARM.Build.0 = Release|Any CPU
		{F26178C9-911A-4BBA-99B8-04C66F550736}.Release|ARM64.ActiveCfg = Release|Any CPU
		{F26178C9-911A-4BBA-99B8-04C66F550736}.Release|ARM64.Build.0 = Release|Any CPU
		{F26178C9-911A-4BBA-99B8-04C66F550736}.Release|x64.ActiveCfg = Release|Any CPU
		{F26178C9-911A-4BBA-99B8-04C66F550736}.Release|x64.Build.0 = Release|Any CPU
		{F26178C9-911A-4BBA-99B8-04C66F550736}.Release|x86.ActiveCfg = Release|Any CPU
		{F26178C9-911A-4BBA-99B8-04C66F550736}.Release|x86.Build.0 = Release|Any CPU
		{4D0652F5-D7A8-4576-AED0-F7D32B46CEB9}.Debug|Any CPU.ActiveCfg = Debug|Any CPU
		{4D0652F5-D7A8-4576-AED0-F7D32B46CEB9}.Debug|Any CPU.Build.0 = Debug|Any CPU
		{4D0652F5-D7A8-4576-AED0-F7D32B46CEB9}.Debug|ARM.ActiveCfg = Debug|Any CPU
		{4D0652F5-D7A8-4576-AED0-F7D32B46CEB9}.Debug|ARM.Build.0 = Debug|Any CPU
		{4D0652F5-D7A8-4576-AED0-F7D32B46CEB9}.Debug|ARM64.ActiveCfg = Debug|Any CPU
		{4D0652F5-D7A8-4576-AED0-F7D32B46CEB9}.Debug|ARM64.Build.0 = Debug|Any CPU
		{4D0652F5-D7A8-4576-AED0-F7D32B46CEB9}.Debug|x64.ActiveCfg = Debug|Any CPU
		{4D0652F5-D7A8-4576-AED0-F7D32B46CEB9}.Debug|x64.Build.0 = Debug|Any CPU
		{4D0652F5-D7A8-4576-AED0-F7D32B46CEB9}.Debug|x86.ActiveCfg = Debug|Any CPU
		{4D0652F5-D7A8-4576-AED0-F7D32B46CEB9}.Debug|x86.Build.0 = Debug|Any CPU
		{4D0652F5-D7A8-4576-AED0-F7D32B46CEB9}.Release|Any CPU.ActiveCfg = Release|Any CPU
		{4D0652F5-D7A8-4576-AED0-F7D32B46CEB9}.Release|Any CPU.Build.0 = Release|Any CPU
		{4D0652F5-D7A8-4576-AED0-F7D32B46CEB9}.Release|ARM.ActiveCfg = Release|Any CPU
		{4D0652F5-D7A8-4576-AED0-F7D32B46CEB9}.Release|ARM.Build.0 = Release|Any CPU
		{4D0652F5-D7A8-4576-AED0-F7D32B46CEB9}.Release|ARM64.ActiveCfg = Release|Any CPU
		{4D0652F5-D7A8-4576-AED0-F7D32B46CEB9}.Release|ARM64.Build.0 = Release|Any CPU
		{4D0652F5-D7A8-4576-AED0-F7D32B46CEB9}.Release|x64.ActiveCfg = Release|Any CPU
		{4D0652F5-D7A8-4576-AED0-F7D32B46CEB9}.Release|x64.Build.0 = Release|Any CPU
		{4D0652F5-D7A8-4576-AED0-F7D32B46CEB9}.Release|x86.ActiveCfg = Release|Any CPU
		{4D0652F5-D7A8-4576-AED0-F7D32B46CEB9}.Release|x86.Build.0 = Release|Any CPU
		{093AEA39-DF26-448E-95A3-CEB3944BA08D}.Debug|Any CPU.ActiveCfg = Debug|Any CPU
		{093AEA39-DF26-448E-95A3-CEB3944BA08D}.Debug|Any CPU.Build.0 = Debug|Any CPU
		{093AEA39-DF26-448E-95A3-CEB3944BA08D}.Debug|ARM.ActiveCfg = Debug|Any CPU
		{093AEA39-DF26-448E-95A3-CEB3944BA08D}.Debug|ARM.Build.0 = Debug|Any CPU
		{093AEA39-DF26-448E-95A3-CEB3944BA08D}.Debug|ARM64.ActiveCfg = Debug|Any CPU
		{093AEA39-DF26-448E-95A3-CEB3944BA08D}.Debug|ARM64.Build.0 = Debug|Any CPU
		{093AEA39-DF26-448E-95A3-CEB3944BA08D}.Debug|x64.ActiveCfg = Debug|Any CPU
		{093AEA39-DF26-448E-95A3-CEB3944BA08D}.Debug|x64.Build.0 = Debug|Any CPU
		{093AEA39-DF26-448E-95A3-CEB3944BA08D}.Debug|x86.ActiveCfg = Debug|Any CPU
		{093AEA39-DF26-448E-95A3-CEB3944BA08D}.Debug|x86.Build.0 = Debug|Any CPU
		{093AEA39-DF26-448E-95A3-CEB3944BA08D}.Release|Any CPU.ActiveCfg = Release|Any CPU
		{093AEA39-DF26-448E-95A3-CEB3944BA08D}.Release|Any CPU.Build.0 = Release|Any CPU
		{093AEA39-DF26-448E-95A3-CEB3944BA08D}.Release|ARM.ActiveCfg = Release|Any CPU
		{093AEA39-DF26-448E-95A3-CEB3944BA08D}.Release|ARM.Build.0 = Release|Any CPU
		{093AEA39-DF26-448E-95A3-CEB3944BA08D}.Release|ARM64.ActiveCfg = Release|Any CPU
		{093AEA39-DF26-448E-95A3-CEB3944BA08D}.Release|ARM64.Build.0 = Release|Any CPU
		{093AEA39-DF26-448E-95A3-CEB3944BA08D}.Release|x64.ActiveCfg = Release|Any CPU
		{093AEA39-DF26-448E-95A3-CEB3944BA08D}.Release|x64.Build.0 = Release|Any CPU
		{093AEA39-DF26-448E-95A3-CEB3944BA08D}.Release|x86.ActiveCfg = Release|Any CPU
		{093AEA39-DF26-448E-95A3-CEB3944BA08D}.Release|x86.Build.0 = Release|Any CPU
		{F26FD3FD-4F50-49BD-BDAC-0EFF26807C96}.Debug|Any CPU.ActiveCfg = Debug|Any CPU
		{F26FD3FD-4F50-49BD-BDAC-0EFF26807C96}.Debug|Any CPU.Build.0 = Debug|Any CPU
		{F26FD3FD-4F50-49BD-BDAC-0EFF26807C96}.Debug|ARM.ActiveCfg = Debug|Any CPU
		{F26FD3FD-4F50-49BD-BDAC-0EFF26807C96}.Debug|ARM.Build.0 = Debug|Any CPU
		{F26FD3FD-4F50-49BD-BDAC-0EFF26807C96}.Debug|ARM64.ActiveCfg = Debug|Any CPU
		{F26FD3FD-4F50-49BD-BDAC-0EFF26807C96}.Debug|ARM64.Build.0 = Debug|Any CPU
		{F26FD3FD-4F50-49BD-BDAC-0EFF26807C96}.Debug|x64.ActiveCfg = Debug|Any CPU
		{F26FD3FD-4F50-49BD-BDAC-0EFF26807C96}.Debug|x64.Build.0 = Debug|Any CPU
		{F26FD3FD-4F50-49BD-BDAC-0EFF26807C96}.Debug|x86.ActiveCfg = Debug|Any CPU
		{F26FD3FD-4F50-49BD-BDAC-0EFF26807C96}.Debug|x86.Build.0 = Debug|Any CPU
		{F26FD3FD-4F50-49BD-BDAC-0EFF26807C96}.Release|Any CPU.ActiveCfg = Release|Any CPU
		{F26FD3FD-4F50-49BD-BDAC-0EFF26807C96}.Release|Any CPU.Build.0 = Release|Any CPU
		{F26FD3FD-4F50-49BD-BDAC-0EFF26807C96}.Release|ARM.ActiveCfg = Release|Any CPU
		{F26FD3FD-4F50-49BD-BDAC-0EFF26807C96}.Release|ARM.Build.0 = Release|Any CPU
		{F26FD3FD-4F50-49BD-BDAC-0EFF26807C96}.Release|ARM64.ActiveCfg = Release|Any CPU
		{F26FD3FD-4F50-49BD-BDAC-0EFF26807C96}.Release|ARM64.Build.0 = Release|Any CPU
		{F26FD3FD-4F50-49BD-BDAC-0EFF26807C96}.Release|x64.ActiveCfg = Release|Any CPU
		{F26FD3FD-4F50-49BD-BDAC-0EFF26807C96}.Release|x64.Build.0 = Release|Any CPU
		{F26FD3FD-4F50-49BD-BDAC-0EFF26807C96}.Release|x86.ActiveCfg = Release|Any CPU
		{F26FD3FD-4F50-49BD-BDAC-0EFF26807C96}.Release|x86.Build.0 = Release|Any CPU
		{E16263C1-4076-431E-A6F9-8AD5093A4FCA}.Debug|Any CPU.ActiveCfg = Debug|Any CPU
		{E16263C1-4076-431E-A6F9-8AD5093A4FCA}.Debug|Any CPU.Build.0 = Debug|Any CPU
		{E16263C1-4076-431E-A6F9-8AD5093A4FCA}.Debug|ARM.ActiveCfg = Debug|Any CPU
		{E16263C1-4076-431E-A6F9-8AD5093A4FCA}.Debug|ARM.Build.0 = Debug|Any CPU
		{E16263C1-4076-431E-A6F9-8AD5093A4FCA}.Debug|ARM64.ActiveCfg = Debug|Any CPU
		{E16263C1-4076-431E-A6F9-8AD5093A4FCA}.Debug|ARM64.Build.0 = Debug|Any CPU
		{E16263C1-4076-431E-A6F9-8AD5093A4FCA}.Debug|x64.ActiveCfg = Debug|Any CPU
		{E16263C1-4076-431E-A6F9-8AD5093A4FCA}.Debug|x64.Build.0 = Debug|Any CPU
		{E16263C1-4076-431E-A6F9-8AD5093A4FCA}.Debug|x86.ActiveCfg = Debug|Any CPU
		{E16263C1-4076-431E-A6F9-8AD5093A4FCA}.Debug|x86.Build.0 = Debug|Any CPU
		{E16263C1-4076-431E-A6F9-8AD5093A4FCA}.Release|Any CPU.ActiveCfg = Release|Any CPU
		{E16263C1-4076-431E-A6F9-8AD5093A4FCA}.Release|Any CPU.Build.0 = Release|Any CPU
		{E16263C1-4076-431E-A6F9-8AD5093A4FCA}.Release|ARM.ActiveCfg = Release|Any CPU
		{E16263C1-4076-431E-A6F9-8AD5093A4FCA}.Release|ARM.Build.0 = Release|Any CPU
		{E16263C1-4076-431E-A6F9-8AD5093A4FCA}.Release|ARM64.ActiveCfg = Release|Any CPU
		{E16263C1-4076-431E-A6F9-8AD5093A4FCA}.Release|ARM64.Build.0 = Release|Any CPU
		{E16263C1-4076-431E-A6F9-8AD5093A4FCA}.Release|x64.ActiveCfg = Release|Any CPU
		{E16263C1-4076-431E-A6F9-8AD5093A4FCA}.Release|x64.Build.0 = Release|Any CPU
		{E16263C1-4076-431E-A6F9-8AD5093A4FCA}.Release|x86.ActiveCfg = Release|Any CPU
		{E16263C1-4076-431E-A6F9-8AD5093A4FCA}.Release|x86.Build.0 = Release|Any CPU
	EndGlobalSection
	GlobalSection(SolutionProperties) = preSolution
		HideSolutionNode = FALSE
	EndGlobalSection
	GlobalSection(NestedProjects) = preSolution
		{AE512821-54CD-4882-AA13-4ECC2F0608B7} = {B0F9239E-2D50-4994-ACA6-BA80CEE47651}
		{33D00CEC-A115-4F68-9B0A-DF4233851AA6} = {1305C9CA-6C1E-48DF-AAB0-25C238E4526B}
		{36B31709-DE61-4650-8AB6-3FC2B9166B94} = {33D00CEC-A115-4F68-9B0A-DF4233851AA6}
		{F813FABF-E1E1-458C-B1F7-82C1B7949BF6} = {33D00CEC-A115-4F68-9B0A-DF4233851AA6}
		{BF719339-90BB-4F57-8B5E-F25EB0B758C9} = {33D00CEC-A115-4F68-9B0A-DF4233851AA6}
		{A1AA2618-B9C1-4EA3-A7C4-3ACFF7014CBC} = {33D00CEC-A115-4F68-9B0A-DF4233851AA6}
		{95DEAF7F-1CB9-497F-9640-D1881A1BB013} = {1305C9CA-6C1E-48DF-AAB0-25C238E4526B}
		{4D0652F5-D7A8-4576-AED0-F7D32B46CEB9} = {B0F9239E-2D50-4994-ACA6-BA80CEE47651}
		{F26FD3FD-4F50-49BD-BDAC-0EFF26807C96} = {B0F9239E-2D50-4994-ACA6-BA80CEE47651}
		{E16263C1-4076-431E-A6F9-8AD5093A4FCA} = {B0F9239E-2D50-4994-ACA6-BA80CEE47651}
		{093AEA39-DF26-448E-95A3-CEB3944BA08D} = {B0F9239E-2D50-4994-ACA6-BA80CEE47651}
	EndGlobalSection
	GlobalSection(ExtensibilityGlobals) = postSolution
		SolutionGuid = {75771789-CAED-4973-909B-0F8A814C8EFD}
	EndGlobalSection
EndGlobal
